
Microsoft Visual Studio Solution File, Format Version 12.00
# Visual Studio 2012
Project("{FAE04EC0-301F-11D3-BF4B-00C04F79EFBC}") = "Api", "EasyComTec.Api\Api.csproj", "{3B27BEF8-36A9-4BFA-8A84-54F28E9157A2}"
EndProject
Project("{FAE04EC0-301F-11D3-BF4B-00C04F79EFBC}") = "Infrastructure", "Infrastructure\Infrastructure.csproj", "{216E9A5F-D0E2-4AC9-81D7-5972DFCBE66A}"
EndProject
Project("{FAE04EC0-301F-11D3-BF4B-00C04F79EFBC}") = "Domain", "Domain\Domain.csproj", "{3C5770D8-A454-4AE7-BA9A-E6A119DD296A}"
EndProject
Project("{FAE04EC0-301F-11D3-BF4B-00C04F79EFBC}") = "Application", "Application\Application.csproj", "{58211B39-6AD1-4F81-92F9-F2F9FDA66C6D}"
EndProject
Global
	GlobalSection(SolutionConfigurationPlatforms) = preSolution
		Debug|Any CPU = Debug|Any CPU
		Release|Any CPU = Release|Any CPU
	EndGlobalSection
	GlobalSection(ProjectConfigurationPlatforms) = postSolution
		{3B27BEF8-36A9-4BFA-8A84-54F28E9157A2}.Debug|Any CPU.ActiveCfg = Debug|Any CPU
		{3B27BEF8-36A9-4BFA-8A84-54F28E9157A2}.Debug|Any CPU.Build.0 = Debug|Any CPU
		{3B27BEF8-36A9-4BFA-8A84-54F28E9157A2}.Release|Any CPU.ActiveCfg = Release|Any CPU
		{3B27BEF8-36A9-4BFA-8A84-54F28E9157A2}.Release|Any CPU.Build.0 = Release|Any CPU
		{216E9A5F-D0E2-4AC9-81D7-5972DFCBE66A}.Debug|Any CPU.ActiveCfg = Debug|Any CPU
		{216E9A5F-D0E2-4AC9-81D7-5972DFCBE66A}.Debug|Any CPU.Build.0 = Debug|Any CPU
		{216E9A5F-D0E2-4AC9-81D7-5972DFCBE66A}.Release|Any CPU.ActiveCfg = Release|Any CPU
		{216E9A5F-D0E2-4AC9-81D7-5972DFCBE66A}.Release|Any CPU.Build.0 = Release|Any CPU
		{3C5770D8-A454-4AE7-BA9A-E6A119DD296A}.Debug|Any CPU.ActiveCfg = Debug|Any CPU
		{3C5770D8-A454-4AE7-BA9A-E6A119DD296A}.Debug|Any CPU.Build.0 = Debug|Any CPU
		{3C5770D8-A454-4AE7-BA9A-E6A119DD296A}.Release|Any CPU.ActiveCfg = Release|Any CPU
		{3C5770D8-A454-4AE7-BA9A-E6A119DD296A}.Release|Any CPU.Build.0 = Release|Any CPU
		{58211B39-6AD1-4F81-92F9-F2F9FDA66C6D}.Debug|Any CPU.ActiveCfg = Debug|Any CPU
		{58211B39-6AD1-4F81-92F9-F2F9FDA66C6D}.Debug|Any CPU.Build.0 = Debug|Any CPU
		{58211B39-6AD1-4F81-92F9-F2F9FDA66C6D}.Release|Any CPU.ActiveCfg = Release|Any CPU
		{58211B39-6AD1-4F81-92F9-F2F9FDA66C6D}.Release|Any CPU.Build.0 = Release|Any CPU
	EndGlobalSection
	GlobalSection(NestedProjects) = preSolution
	EndGlobalSection
EndGlobal
